// !$*UTF8*$!
{
	archiveVersion = 1;
	classes = {
	};
	objectVersion = 56;
	objects = {

/* Begin PBXBuildFile section */
		D11D80E42C6C7EF000EB8680 /* AppDelegate.swift in Sources */ = {isa = PBXBuildFile; fileRef = D11D80E32C6C7EF000EB8680 /* AppDelegate.swift */; };
		D11D80E62C6C7EF000EB8680 /* SceneDelegate.swift in Sources */ = {isa = PBXBuildFile; fileRef = D11D80E52C6C7EF000EB8680 /* SceneDelegate.swift */; };
		D11D80E82C6C7EF000EB8680 /* LoginViewController.swift in Sources */ = {isa = PBXBuildFile; fileRef = D11D80E72C6C7EF000EB8680 /* LoginViewController.swift */; };
		D11D80ED2C6C7EF100EB8680 /* Assets.xcassets in Resources */ = {isa = PBXBuildFile; fileRef = D11D80EC2C6C7EF100EB8680 /* Assets.xcassets */; };
		D11D80F02C6C7EF100EB8680 /* Base in Resources */ = {isa = PBXBuildFile; fileRef = D11D80EF2C6C7EF100EB8680 /* Base */; };
		D11D80F82C6C7F1A00EB8680 /* .gitignore in Resources */ = {isa = PBXBuildFile; fileRef = D11D80F72C6C7F1A00EB8680 /* .gitignore */; };
		D11D80FA2C6C7F5C00EB8680 /* APIKey.swift in Sources */ = {isa = PBXBuildFile; fileRef = D11D80F92C6C7F5C00EB8680 /* APIKey.swift */; };
		D11D80FD2C6C81E400EB8680 /* Extension+String.swift in Sources */ = {isa = PBXBuildFile; fileRef = D11D80FC2C6C81E400EB8680 /* Extension+String.swift */; };
		D11D80FF2C6C81ED00EB8680 /* Extension+UIViewController.swift in Sources */ = {isa = PBXBuildFile; fileRef = D11D80FE2C6C81ED00EB8680 /* Extension+UIViewController.swift */; };
		D11D81042C6C821A00EB8680 /* BaseViewController.swift in Sources */ = {isa = PBXBuildFile; fileRef = D11D81032C6C821A00EB8680 /* BaseViewController.swift */; };
		D11D81062C6C823200EB8680 /* BaseCollectionViewCell.swift in Sources */ = {isa = PBXBuildFile; fileRef = D11D81052C6C823200EB8680 /* BaseCollectionViewCell.swift */; };
		D11D81082C6C824400EB8680 /* ReuseIdentifier.swift in Sources */ = {isa = PBXBuildFile; fileRef = D11D81072C6C824400EB8680 /* ReuseIdentifier.swift */; };
		D11D810A2C6C82B100EB8680 /* Extension+Color.swift in Sources */ = {isa = PBXBuildFile; fileRef = D11D81092C6C82B100EB8680 /* Extension+Color.swift */; };
		D11D810D2C6C85C300EB8680 /* Alamofire in Frameworks */ = {isa = PBXBuildFile; productRef = D11D810C2C6C85C300EB8680 /* Alamofire */; };
		D11D81102C6C85CF00EB8680 /* Kingfisher in Frameworks */ = {isa = PBXBuildFile; productRef = D11D810F2C6C85CF00EB8680 /* Kingfisher */; };
		D11D81132C6C85DA00EB8680 /* SnapKit in Frameworks */ = {isa = PBXBuildFile; productRef = D11D81122C6C85DA00EB8680 /* SnapKit */; };
		D11D81162C6C85E800EB8680 /* RxCocoa in Frameworks */ = {isa = PBXBuildFile; productRef = D11D81152C6C85E800EB8680 /* RxCocoa */; };
		D11D81182C6C85E800EB8680 /* RxSwift in Frameworks */ = {isa = PBXBuildFile; productRef = D11D81172C6C85E800EB8680 /* RxSwift */; };
		D11D811B2C6C85FC00EB8680 /* Differentiator in Frameworks */ = {isa = PBXBuildFile; productRef = D11D811A2C6C85FC00EB8680 /* Differentiator */; };
		D11D811D2C6C85FC00EB8680 /* RxDataSources in Frameworks */ = {isa = PBXBuildFile; productRef = D11D811C2C6C85FC00EB8680 /* RxDataSources */; };
		D11D81202C6C860800EB8680 /* Toast in Frameworks */ = {isa = PBXBuildFile; productRef = D11D811F2C6C860800EB8680 /* Toast */; };
		D11D81222C6C875600EB8680 /* ViewModel.swift in Sources */ = {isa = PBXBuildFile; fileRef = D11D81212C6C875600EB8680 /* ViewModel.swift */; };
		D11D81252C6C87C100EB8680 /* UserDefaults.swift in Sources */ = {isa = PBXBuildFile; fileRef = D11D81242C6C87C100EB8680 /* UserDefaults.swift */; };
		D11D81282C6C87DD00EB8680 /* UserDefaultsManager.swift in Sources */ = {isa = PBXBuildFile; fileRef = D11D81272C6C87DD00EB8680 /* UserDefaultsManager.swift */; };
		D11D812A2C6C898C00EB8680 /* TabBarController.swift in Sources */ = {isa = PBXBuildFile; fileRef = D11D81292C6C898C00EB8680 /* TabBarController.swift */; };
		D11D812C2C6C8A1D00EB8680 /* SceneManager.swift in Sources */ = {isa = PBXBuildFile; fileRef = D11D812B2C6C8A1D00EB8680 /* SceneManager.swift */; };
		D11D812F2C6C8AA100EB8680 /* Header.swift in Sources */ = {isa = PBXBuildFile; fileRef = D11D812E2C6C8AA100EB8680 /* Header.swift */; };
		D11D81322C6C8F6000EB8680 /* Localizable.xcstrings in Resources */ = {isa = PBXBuildFile; fileRef = D11D81312C6C8F6000EB8680 /* Localizable.xcstrings */; };
		D11D81342C6C8F7200EB8680 /* InfoPlist.xcstrings in Resources */ = {isa = PBXBuildFile; fileRef = D11D81332C6C8F7200EB8680 /* InfoPlist.xcstrings */; };
		D11D81362C6C9B2500EB8680 /* Extension+Date.swift in Sources */ = {isa = PBXBuildFile; fileRef = D11D81352C6C9B2500EB8680 /* Extension+Date.swift */; };
		D11D81382C6CA2F500EB8680 /* l10nKey.swift in Sources */ = {isa = PBXBuildFile; fileRef = D11D81372C6CA2F500EB8680 /* l10nKey.swift */; };
		D11D813B2C6CCC3700EB8680 /* Posts.swift in Sources */ = {isa = PBXBuildFile; fileRef = D11D813A2C6CCC3700EB8680 /* Posts.swift */; };
		D11D813D2C6CD01600EB8680 /* Login.swift in Sources */ = {isa = PBXBuildFile; fileRef = D11D813C2C6CD01600EB8680 /* Login.swift */; };
		D11D813F2C6CD06C00EB8680 /* Refresh.swift in Sources */ = {isa = PBXBuildFile; fileRef = D11D813E2C6CD06C00EB8680 /* Refresh.swift */; };
		D11D81412C6CD0B600EB8680 /* File.swift in Sources */ = {isa = PBXBuildFile; fileRef = D11D81402C6CD0B600EB8680 /* File.swift */; };
		D11D81432C6CD1FB00EB8680 /* Profile.swift in Sources */ = {isa = PBXBuildFile; fileRef = D11D81422C6CD1FB00EB8680 /* Profile.swift */; };
		D11D81462C6CD85900EB8680 /* SignUpQuery.swift in Sources */ = {isa = PBXBuildFile; fileRef = D11D81452C6CD85900EB8680 /* SignUpQuery.swift */; };
		D11D81482C6CD8CB00EB8680 /* EmailValidationQuery.swift in Sources */ = {isa = PBXBuildFile; fileRef = D11D81472C6CD8CB00EB8680 /* EmailValidationQuery.swift */; };
		D11D814A2C6CD8EC00EB8680 /* LoginQuery.swift in Sources */ = {isa = PBXBuildFile; fileRef = D11D81492C6CD8EC00EB8680 /* LoginQuery.swift */; };
		D11D814C2C6CD95400EB8680 /* FileUploadQuery.swift in Sources */ = {isa = PBXBuildFile; fileRef = D11D814B2C6CD95400EB8680 /* FileUploadQuery.swift */; };
		D11D814E2C6CD9F400EB8680 /* PostQuery.swift in Sources */ = {isa = PBXBuildFile; fileRef = D11D814D2C6CD9F400EB8680 /* PostQuery.swift */; };
		D11D81502C6CDB0000EB8680 /* PostReadQuery.swift in Sources */ = {isa = PBXBuildFile; fileRef = D11D814F2C6CDB0000EB8680 /* PostReadQuery.swift */; };
		D11D81522C6CDDB200EB8680 /* CommentQuery.swift in Sources */ = {isa = PBXBuildFile; fileRef = D11D81512C6CDDB200EB8680 /* CommentQuery.swift */; };
		D11D81542C6CDEAE00EB8680 /* LikeQuery.swift in Sources */ = {isa = PBXBuildFile; fileRef = D11D81532C6CDEAE00EB8680 /* LikeQuery.swift */; };
		D11D81562C6CDF0000EB8680 /* ProfileEditQuery.swift in Sources */ = {isa = PBXBuildFile; fileRef = D11D81552C6CDF0000EB8680 /* ProfileEditQuery.swift */; };
		D11D81582C6CDFC300EB8680 /* HashTagSearchQuery.swift in Sources */ = {isa = PBXBuildFile; fileRef = D11D81572C6CDFC300EB8680 /* HashTagSearchQuery.swift */; };
		D11D815A2C6CE11700EB8680 /* APIError.swift in Sources */ = {isa = PBXBuildFile; fileRef = D11D81592C6CE11700EB8680 /* APIError.swift */; };
		D11D815E2C6CF81300EB8680 /* RoundTextField.swift in Sources */ = {isa = PBXBuildFile; fileRef = D11D815D2C6CF81300EB8680 /* RoundTextField.swift */; };
		D11D81602C6CFB9800EB8680 /* SignUpViewController.swift in Sources */ = {isa = PBXBuildFile; fileRef = D11D815F2C6CFB9800EB8680 /* SignUpViewController.swift */; };
		D11D81622C6DBBD900EB8680 /* NetworkManager.swift in Sources */ = {isa = PBXBuildFile; fileRef = D11D81612C6DBBD900EB8680 /* NetworkManager.swift */; };
		D11D81642C6DBBF500EB8680 /* ServerRouter.swift in Sources */ = {isa = PBXBuildFile; fileRef = D11D81632C6DBBF500EB8680 /* ServerRouter.swift */; };
		D11D81662C6DBCBE00EB8680 /* TargetType.swift in Sources */ = {isa = PBXBuildFile; fileRef = D11D81652C6DBCBE00EB8680 /* TargetType.swift */; };
		D11D81692C6DC3BA00EB8680 /* SignUpViewModel.swift in Sources */ = {isa = PBXBuildFile; fileRef = D11D81682C6DC3BA00EB8680 /* SignUpViewModel.swift */; };
		D11D816B2C6DDBA200EB8680 /* LoginViewModel.swift in Sources */ = {isa = PBXBuildFile; fileRef = D11D816A2C6DDBA200EB8680 /* LoginViewModel.swift */; };
		D11D816D2C6DE08200EB8680 /* ClubViewController.swift in Sources */ = {isa = PBXBuildFile; fileRef = D11D816C2C6DE08200EB8680 /* ClubViewController.swift */; };
		D11D81702C6DF33900EB8680 /* ClubCollectionViewCell.swift in Sources */ = {isa = PBXBuildFile; fileRef = D11D816F2C6DF33900EB8680 /* ClubCollectionViewCell.swift */; };
		D11D81722C6DFD1B00EB8680 /* ClubViewModel.swift in Sources */ = {isa = PBXBuildFile; fileRef = D11D81712C6DFD1B00EB8680 /* ClubViewModel.swift */; };
		D1E8BCC32C75B6E0003378FA /* EditCommentQuery.swift in Sources */ = {isa = PBXBuildFile; fileRef = D1E8BCC22C75B6E0003378FA /* EditCommentQuery.swift */; };
		D1E8BCC52C75C5BD003378FA /* EditCommentViewController.swift in Sources */ = {isa = PBXBuildFile; fileRef = D1E8BCC42C75C5BD003378FA /* EditCommentViewController.swift */; };
		D1E8BCC72C75C5E3003378FA /* EditCommentViewModel.swift in Sources */ = {isa = PBXBuildFile; fileRef = D1E8BCC62C75C5E3003378FA /* EditCommentViewModel.swift */; };
		D1E8BCC92C75D41C003378FA /* DeleteCommentQuery.swift in Sources */ = {isa = PBXBuildFile; fileRef = D1E8BCC82C75D41C003378FA /* DeleteCommentQuery.swift */; };
		D1FB0B3D2C6F202200049C5D /* PostItem.swift in Sources */ = {isa = PBXBuildFile; fileRef = D1FB0B3C2C6F202200049C5D /* PostItem.swift */; };
		D1FB0B3F2C6F212600049C5D /* FetchImageQuery.swift in Sources */ = {isa = PBXBuildFile; fileRef = D1FB0B3E2C6F212600049C5D /* FetchImageQuery.swift */; };
		D1FB0B412C6F3F1900049C5D /* ClubDetailViewController.swift in Sources */ = {isa = PBXBuildFile; fileRef = D1FB0B402C6F3F1900049C5D /* ClubDetailViewController.swift */; };
		D1FB0B432C6F561B00049C5D /* ClubDetailViewModel.swift in Sources */ = {isa = PBXBuildFile; fileRef = D1FB0B422C6F561B00049C5D /* ClubDetailViewModel.swift */; };
		D1FB0B452C6F742D00049C5D /* SpecificPostQuery.swift in Sources */ = {isa = PBXBuildFile; fileRef = D1FB0B442C6F742D00049C5D /* SpecificPostQuery.swift */; };
		D1FB0B472C7082FF00049C5D /* CommentViewController.swift in Sources */ = {isa = PBXBuildFile; fileRef = D1FB0B462C7082FF00049C5D /* CommentViewController.swift */; };
		D1FB0B492C70834500049C5D /* CommentViewModel.swift in Sources */ = {isa = PBXBuildFile; fileRef = D1FB0B482C70834500049C5D /* CommentViewModel.swift */; };
		D1FB0B4B2C70864B00049C5D /* BaseTableViewCell.swift in Sources */ = {isa = PBXBuildFile; fileRef = D1FB0B4A2C70864B00049C5D /* BaseTableViewCell.swift */; };
		D1FB0B4D2C7086B500049C5D /* CommentTableViewCell.swift in Sources */ = {isa = PBXBuildFile; fileRef = D1FB0B4C2C7086B500049C5D /* CommentTableViewCell.swift */; };
		D1FB0B4F2C71B23C00049C5D /* ProfileImageView.swift in Sources */ = {isa = PBXBuildFile; fileRef = D1FB0B4E2C71B23C00049C5D /* ProfileImageView.swift */; };
		D1FB0B512C71B8F800049C5D /* RelativeDateManager.swift in Sources */ = {isa = PBXBuildFile; fileRef = D1FB0B502C71B8F800049C5D /* RelativeDateManager.swift */; };
		D1FB0B532C71F60A00049C5D /* ProfileViewController.swift in Sources */ = {isa = PBXBuildFile; fileRef = D1FB0B522C71F60A00049C5D /* ProfileViewController.swift */; };
		D1FB0B552C71F69F00049C5D /* ProfileViewModel.swift in Sources */ = {isa = PBXBuildFile; fileRef = D1FB0B542C71F69F00049C5D /* ProfileViewModel.swift */; };
		D1FB0B572C72099900049C5D /* BasePostViewController.swift in Sources */ = {isa = PBXBuildFile; fileRef = D1FB0B562C72099900049C5D /* BasePostViewController.swift */; };
		D1FB0B592C72154300049C5D /* PostReadByUserQuery.swift in Sources */ = {isa = PBXBuildFile; fileRef = D1FB0B582C72154300049C5D /* PostReadByUserQuery.swift */; };
		D1FB0B632C72F97800049C5D /* OtherUserProfileQuery.swift in Sources */ = {isa = PBXBuildFile; fileRef = D1FB0B622C72F97800049C5D /* OtherUserProfileQuery.swift */; };
		D1FB0B652C7305C800049C5D /* FollowQuery.swift in Sources */ = {isa = PBXBuildFile; fileRef = D1FB0B642C7305C800049C5D /* FollowQuery.swift */; };
		D1FB0B672C732F4A00049C5D /* EditProfileViewController.swift in Sources */ = {isa = PBXBuildFile; fileRef = D1FB0B662C732F4A00049C5D /* EditProfileViewController.swift */; };
		D1FB0B692C73324500049C5D /* EditProfileViewModel.swift in Sources */ = {isa = PBXBuildFile; fileRef = D1FB0B682C73324500049C5D /* EditProfileViewModel.swift */; };
		D1FB0B6B2C7481A300049C5D /* ClubSearchViewController.swift in Sources */ = {isa = PBXBuildFile; fileRef = D1FB0B6A2C7481A300049C5D /* ClubSearchViewController.swift */; };
		D1FB0B6D2C74830600049C5D /* ClubSearchViewModel.swift in Sources */ = {isa = PBXBuildFile; fileRef = D1FB0B6C2C74830600049C5D /* ClubSearchViewModel.swift */; };
		D1FB0B6F2C74AF9D00049C5D /* MyClubViewController.swift in Sources */ = {isa = PBXBuildFile; fileRef = D1FB0B6E2C74AF9D00049C5D /* MyClubViewController.swift */; };
		D1FB0B712C74AFFA00049C5D /* MyClubViewModel.swift in Sources */ = {isa = PBXBuildFile; fileRef = D1FB0B702C74AFFA00049C5D /* MyClubViewModel.swift */; };
		D1FB0B732C74B3A900049C5D /* FetchLikePostQuery.swift in Sources */ = {isa = PBXBuildFile; fileRef = D1FB0B722C74B3A900049C5D /* FetchLikePostQuery.swift */; };
		D1FB0B752C74BA1100049C5D /* LikeClubViewController.swift in Sources */ = {isa = PBXBuildFile; fileRef = D1FB0B742C74BA1100049C5D /* LikeClubViewController.swift */; };
		D1FB0B772C74BA8900049C5D /* LikeClubViewModel.swift in Sources */ = {isa = PBXBuildFile; fileRef = D1FB0B762C74BA8900049C5D /* LikeClubViewModel.swift */; };
		D1FB0B792C74C37C00049C5D /* Extension+RxViewController.swift in Sources */ = {isa = PBXBuildFile; fileRef = D1FB0B782C74C37C00049C5D /* Extension+RxViewController.swift */; };
/* End PBXBuildFile section */

/* Begin PBXFileReference section */
		D11D80E02C6C7EF000EB8680 /* Damoim.app */ = {isa = PBXFileReference; explicitFileType = wrapper.application; includeInIndex = 0; path = Damoim.app; sourceTree = BUILT_PRODUCTS_DIR; };
		D11D80E32C6C7EF000EB8680 /* AppDelegate.swift */ = {isa = PBXFileReference; lastKnownFileType = sourcecode.swift; path = AppDelegate.swift; sourceTree = "<group>"; };
		D11D80E52C6C7EF000EB8680 /* SceneDelegate.swift */ = {isa = PBXFileReference; lastKnownFileType = sourcecode.swift; path = SceneDelegate.swift; sourceTree = "<group>"; };
		D11D80E72C6C7EF000EB8680 /* LoginViewController.swift */ = {isa = PBXFileReference; lastKnownFileType = sourcecode.swift; path = LoginViewController.swift; sourceTree = "<group>"; };
		D11D80EC2C6C7EF100EB8680 /* Assets.xcassets */ = {isa = PBXFileReference; lastKnownFileType = folder.assetcatalog; path = Assets.xcassets; sourceTree = "<group>"; };
		D11D80EF2C6C7EF100EB8680 /* Base */ = {isa = PBXFileReference; lastKnownFileType = file.storyboard; name = Base; path = Base.lproj/LaunchScreen.storyboard; sourceTree = "<group>"; };
		D11D80F12C6C7EF100EB8680 /* Info.plist */ = {isa = PBXFileReference; lastKnownFileType = text.plist.xml; path = Info.plist; sourceTree = "<group>"; };
		D11D80F72C6C7F1A00EB8680 /* .gitignore */ = {isa = PBXFileReference; lastKnownFileType = text; path = .gitignore; sourceTree = "<group>"; };
		D11D80F92C6C7F5C00EB8680 /* APIKey.swift */ = {isa = PBXFileReference; lastKnownFileType = sourcecode.swift; path = APIKey.swift; sourceTree = "<group>"; };
		D11D80FC2C6C81E400EB8680 /* Extension+String.swift */ = {isa = PBXFileReference; lastKnownFileType = sourcecode.swift; path = "Extension+String.swift"; sourceTree = "<group>"; };
		D11D80FE2C6C81ED00EB8680 /* Extension+UIViewController.swift */ = {isa = PBXFileReference; lastKnownFileType = sourcecode.swift; path = "Extension+UIViewController.swift"; sourceTree = "<group>"; };
		D11D81032C6C821A00EB8680 /* BaseViewController.swift */ = {isa = PBXFileReference; lastKnownFileType = sourcecode.swift; path = BaseViewController.swift; sourceTree = "<group>"; };
		D11D81052C6C823200EB8680 /* BaseCollectionViewCell.swift */ = {isa = PBXFileReference; lastKnownFileType = sourcecode.swift; path = BaseCollectionViewCell.swift; sourceTree = "<group>"; };
		D11D81072C6C824400EB8680 /* ReuseIdentifier.swift */ = {isa = PBXFileReference; lastKnownFileType = sourcecode.swift; path = ReuseIdentifier.swift; sourceTree = "<group>"; };
		D11D81092C6C82B100EB8680 /* Extension+Color.swift */ = {isa = PBXFileReference; lastKnownFileType = sourcecode.swift; path = "Extension+Color.swift"; sourceTree = "<group>"; };
		D11D81212C6C875600EB8680 /* ViewModel.swift */ = {isa = PBXFileReference; lastKnownFileType = sourcecode.swift; path = ViewModel.swift; sourceTree = "<group>"; };
		D11D81242C6C87C100EB8680 /* UserDefaults.swift */ = {isa = PBXFileReference; lastKnownFileType = sourcecode.swift; path = UserDefaults.swift; sourceTree = "<group>"; };
		D11D81272C6C87DD00EB8680 /* UserDefaultsManager.swift */ = {isa = PBXFileReference; lastKnownFileType = sourcecode.swift; path = UserDefaultsManager.swift; sourceTree = "<group>"; };
		D11D81292C6C898C00EB8680 /* TabBarController.swift */ = {isa = PBXFileReference; lastKnownFileType = sourcecode.swift; path = TabBarController.swift; sourceTree = "<group>"; };
		D11D812B2C6C8A1D00EB8680 /* SceneManager.swift */ = {isa = PBXFileReference; lastKnownFileType = sourcecode.swift; path = SceneManager.swift; sourceTree = "<group>"; };
		D11D812E2C6C8AA100EB8680 /* Header.swift */ = {isa = PBXFileReference; lastKnownFileType = sourcecode.swift; path = Header.swift; sourceTree = "<group>"; };
		D11D81312C6C8F6000EB8680 /* Localizable.xcstrings */ = {isa = PBXFileReference; lastKnownFileType = text.json.xcstrings; path = Localizable.xcstrings; sourceTree = "<group>"; };
		D11D81332C6C8F7200EB8680 /* InfoPlist.xcstrings */ = {isa = PBXFileReference; lastKnownFileType = text.json.xcstrings; path = InfoPlist.xcstrings; sourceTree = "<group>"; };
		D11D81352C6C9B2500EB8680 /* Extension+Date.swift */ = {isa = PBXFileReference; lastKnownFileType = sourcecode.swift; path = "Extension+Date.swift"; sourceTree = "<group>"; };
		D11D81372C6CA2F500EB8680 /* l10nKey.swift */ = {isa = PBXFileReference; lastKnownFileType = sourcecode.swift; path = l10nKey.swift; sourceTree = "<group>"; };
		D11D813A2C6CCC3700EB8680 /* Posts.swift */ = {isa = PBXFileReference; lastKnownFileType = sourcecode.swift; path = Posts.swift; sourceTree = "<group>"; };
		D11D813C2C6CD01600EB8680 /* Login.swift */ = {isa = PBXFileReference; lastKnownFileType = sourcecode.swift; path = Login.swift; sourceTree = "<group>"; };
		D11D813E2C6CD06C00EB8680 /* Refresh.swift */ = {isa = PBXFileReference; lastKnownFileType = sourcecode.swift; path = Refresh.swift; sourceTree = "<group>"; };
		D11D81402C6CD0B600EB8680 /* File.swift */ = {isa = PBXFileReference; lastKnownFileType = sourcecode.swift; path = File.swift; sourceTree = "<group>"; };
		D11D81422C6CD1FB00EB8680 /* Profile.swift */ = {isa = PBXFileReference; lastKnownFileType = sourcecode.swift; path = Profile.swift; sourceTree = "<group>"; };
		D11D81452C6CD85900EB8680 /* SignUpQuery.swift */ = {isa = PBXFileReference; lastKnownFileType = sourcecode.swift; path = SignUpQuery.swift; sourceTree = "<group>"; };
		D11D81472C6CD8CB00EB8680 /* EmailValidationQuery.swift */ = {isa = PBXFileReference; lastKnownFileType = sourcecode.swift; path = EmailValidationQuery.swift; sourceTree = "<group>"; };
		D11D81492C6CD8EC00EB8680 /* LoginQuery.swift */ = {isa = PBXFileReference; lastKnownFileType = sourcecode.swift; path = LoginQuery.swift; sourceTree = "<group>"; };
		D11D814B2C6CD95400EB8680 /* FileUploadQuery.swift */ = {isa = PBXFileReference; lastKnownFileType = sourcecode.swift; path = FileUploadQuery.swift; sourceTree = "<group>"; };
		D11D814D2C6CD9F400EB8680 /* PostQuery.swift */ = {isa = PBXFileReference; lastKnownFileType = sourcecode.swift; path = PostQuery.swift; sourceTree = "<group>"; };
		D11D814F2C6CDB0000EB8680 /* PostReadQuery.swift */ = {isa = PBXFileReference; lastKnownFileType = sourcecode.swift; path = PostReadQuery.swift; sourceTree = "<group>"; };
		D11D81512C6CDDB200EB8680 /* CommentQuery.swift */ = {isa = PBXFileReference; lastKnownFileType = sourcecode.swift; path = CommentQuery.swift; sourceTree = "<group>"; };
		D11D81532C6CDEAE00EB8680 /* LikeQuery.swift */ = {isa = PBXFileReference; lastKnownFileType = sourcecode.swift; path = LikeQuery.swift; sourceTree = "<group>"; };
		D11D81552C6CDF0000EB8680 /* ProfileEditQuery.swift */ = {isa = PBXFileReference; lastKnownFileType = sourcecode.swift; path = ProfileEditQuery.swift; sourceTree = "<group>"; };
		D11D81572C6CDFC300EB8680 /* HashTagSearchQuery.swift */ = {isa = PBXFileReference; lastKnownFileType = sourcecode.swift; path = HashTagSearchQuery.swift; sourceTree = "<group>"; };
		D11D81592C6CE11700EB8680 /* APIError.swift */ = {isa = PBXFileReference; lastKnownFileType = sourcecode.swift; path = APIError.swift; sourceTree = "<group>"; };
		D11D815D2C6CF81300EB8680 /* RoundTextField.swift */ = {isa = PBXFileReference; lastKnownFileType = sourcecode.swift; path = RoundTextField.swift; sourceTree = "<group>"; };
		D11D815F2C6CFB9800EB8680 /* SignUpViewController.swift */ = {isa = PBXFileReference; lastKnownFileType = sourcecode.swift; path = SignUpViewController.swift; sourceTree = "<group>"; };
		D11D81612C6DBBD900EB8680 /* NetworkManager.swift */ = {isa = PBXFileReference; lastKnownFileType = sourcecode.swift; path = NetworkManager.swift; sourceTree = "<group>"; };
		D11D81632C6DBBF500EB8680 /* ServerRouter.swift */ = {isa = PBXFileReference; lastKnownFileType = sourcecode.swift; path = ServerRouter.swift; sourceTree = "<group>"; };
		D11D81652C6DBCBE00EB8680 /* TargetType.swift */ = {isa = PBXFileReference; lastKnownFileType = sourcecode.swift; path = TargetType.swift; sourceTree = "<group>"; };
		D11D81682C6DC3BA00EB8680 /* SignUpViewModel.swift */ = {isa = PBXFileReference; lastKnownFileType = sourcecode.swift; path = SignUpViewModel.swift; sourceTree = "<group>"; };
		D11D816A2C6DDBA200EB8680 /* LoginViewModel.swift */ = {isa = PBXFileReference; lastKnownFileType = sourcecode.swift; path = LoginViewModel.swift; sourceTree = "<group>"; };
		D11D816C2C6DE08200EB8680 /* ClubViewController.swift */ = {isa = PBXFileReference; lastKnownFileType = sourcecode.swift; path = ClubViewController.swift; sourceTree = "<group>"; };
		D11D816F2C6DF33900EB8680 /* ClubCollectionViewCell.swift */ = {isa = PBXFileReference; lastKnownFileType = sourcecode.swift; path = ClubCollectionViewCell.swift; sourceTree = "<group>"; };
		D11D81712C6DFD1B00EB8680 /* ClubViewModel.swift */ = {isa = PBXFileReference; lastKnownFileType = sourcecode.swift; path = ClubViewModel.swift; sourceTree = "<group>"; };
		D1E8BCC22C75B6E0003378FA /* EditCommentQuery.swift */ = {isa = PBXFileReference; lastKnownFileType = sourcecode.swift; path = EditCommentQuery.swift; sourceTree = "<group>"; };
		D1E8BCC42C75C5BD003378FA /* EditCommentViewController.swift */ = {isa = PBXFileReference; lastKnownFileType = sourcecode.swift; path = EditCommentViewController.swift; sourceTree = "<group>"; };
		D1E8BCC62C75C5E3003378FA /* EditCommentViewModel.swift */ = {isa = PBXFileReference; lastKnownFileType = sourcecode.swift; path = EditCommentViewModel.swift; sourceTree = "<group>"; };
		D1E8BCC82C75D41C003378FA /* DeleteCommentQuery.swift */ = {isa = PBXFileReference; lastKnownFileType = sourcecode.swift; path = DeleteCommentQuery.swift; sourceTree = "<group>"; };
		D1FB0B3C2C6F202200049C5D /* PostItem.swift */ = {isa = PBXFileReference; lastKnownFileType = sourcecode.swift; path = PostItem.swift; sourceTree = "<group>"; };
		D1FB0B3E2C6F212600049C5D /* FetchImageQuery.swift */ = {isa = PBXFileReference; lastKnownFileType = sourcecode.swift; path = FetchImageQuery.swift; sourceTree = "<group>"; };
		D1FB0B402C6F3F1900049C5D /* ClubDetailViewController.swift */ = {isa = PBXFileReference; lastKnownFileType = sourcecode.swift; path = ClubDetailViewController.swift; sourceTree = "<group>"; };
		D1FB0B422C6F561B00049C5D /* ClubDetailViewModel.swift */ = {isa = PBXFileReference; lastKnownFileType = sourcecode.swift; path = ClubDetailViewModel.swift; sourceTree = "<group>"; };
		D1FB0B442C6F742D00049C5D /* SpecificPostQuery.swift */ = {isa = PBXFileReference; lastKnownFileType = sourcecode.swift; path = SpecificPostQuery.swift; sourceTree = "<group>"; };
		D1FB0B462C7082FF00049C5D /* CommentViewController.swift */ = {isa = PBXFileReference; lastKnownFileType = sourcecode.swift; path = CommentViewController.swift; sourceTree = "<group>"; };
		D1FB0B482C70834500049C5D /* CommentViewModel.swift */ = {isa = PBXFileReference; lastKnownFileType = sourcecode.swift; path = CommentViewModel.swift; sourceTree = "<group>"; };
		D1FB0B4A2C70864B00049C5D /* BaseTableViewCell.swift */ = {isa = PBXFileReference; lastKnownFileType = sourcecode.swift; path = BaseTableViewCell.swift; sourceTree = "<group>"; };
		D1FB0B4C2C7086B500049C5D /* CommentTableViewCell.swift */ = {isa = PBXFileReference; lastKnownFileType = sourcecode.swift; path = CommentTableViewCell.swift; sourceTree = "<group>"; };
		D1FB0B4E2C71B23C00049C5D /* ProfileImageView.swift */ = {isa = PBXFileReference; lastKnownFileType = sourcecode.swift; path = ProfileImageView.swift; sourceTree = "<group>"; };
		D1FB0B502C71B8F800049C5D /* RelativeDateManager.swift */ = {isa = PBXFileReference; lastKnownFileType = sourcecode.swift; path = RelativeDateManager.swift; sourceTree = "<group>"; };
		D1FB0B522C71F60A00049C5D /* ProfileViewController.swift */ = {isa = PBXFileReference; lastKnownFileType = sourcecode.swift; path = ProfileViewController.swift; sourceTree = "<group>"; };
		D1FB0B542C71F69F00049C5D /* ProfileViewModel.swift */ = {isa = PBXFileReference; lastKnownFileType = sourcecode.swift; path = ProfileViewModel.swift; sourceTree = "<group>"; };
		D1FB0B562C72099900049C5D /* BasePostViewController.swift */ = {isa = PBXFileReference; lastKnownFileType = sourcecode.swift; path = BasePostViewController.swift; sourceTree = "<group>"; };
		D1FB0B582C72154300049C5D /* PostReadByUserQuery.swift */ = {isa = PBXFileReference; lastKnownFileType = sourcecode.swift; path = PostReadByUserQuery.swift; sourceTree = "<group>"; };
		D1FB0B622C72F97800049C5D /* OtherUserProfileQuery.swift */ = {isa = PBXFileReference; lastKnownFileType = sourcecode.swift; path = OtherUserProfileQuery.swift; sourceTree = "<group>"; };
		D1FB0B642C7305C800049C5D /* FollowQuery.swift */ = {isa = PBXFileReference; lastKnownFileType = sourcecode.swift; path = FollowQuery.swift; sourceTree = "<group>"; };
		D1FB0B662C732F4A00049C5D /* EditProfileViewController.swift */ = {isa = PBXFileReference; lastKnownFileType = sourcecode.swift; path = EditProfileViewController.swift; sourceTree = "<group>"; };
		D1FB0B682C73324500049C5D /* EditProfileViewModel.swift */ = {isa = PBXFileReference; lastKnownFileType = sourcecode.swift; path = EditProfileViewModel.swift; sourceTree = "<group>"; };
		D1FB0B6A2C7481A300049C5D /* ClubSearchViewController.swift */ = {isa = PBXFileReference; lastKnownFileType = sourcecode.swift; path = ClubSearchViewController.swift; sourceTree = "<group>"; };
		D1FB0B6C2C74830600049C5D /* ClubSearchViewModel.swift */ = {isa = PBXFileReference; lastKnownFileType = sourcecode.swift; path = ClubSearchViewModel.swift; sourceTree = "<group>"; };
		D1FB0B6E2C74AF9D00049C5D /* MyClubViewController.swift */ = {isa = PBXFileReference; lastKnownFileType = sourcecode.swift; path = MyClubViewController.swift; sourceTree = "<group>"; };
		D1FB0B702C74AFFA00049C5D /* MyClubViewModel.swift */ = {isa = PBXFileReference; lastKnownFileType = sourcecode.swift; path = MyClubViewModel.swift; sourceTree = "<group>"; };
		D1FB0B722C74B3A900049C5D /* FetchLikePostQuery.swift */ = {isa = PBXFileReference; lastKnownFileType = sourcecode.swift; path = FetchLikePostQuery.swift; sourceTree = "<group>"; };
		D1FB0B742C74BA1100049C5D /* LikeClubViewController.swift */ = {isa = PBXFileReference; lastKnownFileType = sourcecode.swift; path = LikeClubViewController.swift; sourceTree = "<group>"; };
		D1FB0B762C74BA8900049C5D /* LikeClubViewModel.swift */ = {isa = PBXFileReference; lastKnownFileType = sourcecode.swift; path = LikeClubViewModel.swift; sourceTree = "<group>"; };
		D1FB0B782C74C37C00049C5D /* Extension+RxViewController.swift */ = {isa = PBXFileReference; lastKnownFileType = sourcecode.swift; path = "Extension+RxViewController.swift"; sourceTree = "<group>"; };
/* End PBXFileReference section */

/* Begin PBXFrameworksBuildPhase section */
		D11D80DD2C6C7EF000EB8680 /* Frameworks */ = {
			isa = PBXFrameworksBuildPhase;
			buildActionMask = 2147483647;
			files = (
				D11D81202C6C860800EB8680 /* Toast in Frameworks */,
				D11D81132C6C85DA00EB8680 /* SnapKit in Frameworks */,
				D11D81102C6C85CF00EB8680 /* Kingfisher in Frameworks */,
				D11D81182C6C85E800EB8680 /* RxSwift in Frameworks */,
				D11D81162C6C85E800EB8680 /* RxCocoa in Frameworks */,
				D11D811D2C6C85FC00EB8680 /* RxDataSources in Frameworks */,
				D11D811B2C6C85FC00EB8680 /* Differentiator in Frameworks */,
				D11D810D2C6C85C300EB8680 /* Alamofire in Frameworks */,
			);
			runOnlyForDeploymentPostprocessing = 0;
		};
/* End PBXFrameworksBuildPhase section */

/* Begin PBXGroup section */
		D11D80D72C6C7EEF00EB8680 = {
			isa = PBXGroup;
			children = (
				D11D80F72C6C7F1A00EB8680 /* .gitignore */,
				D11D80E22C6C7EF000EB8680 /* Damoim */,
				D11D80E12C6C7EF000EB8680 /* Products */,
			);
			sourceTree = "<group>";
		};
		D11D80E12C6C7EF000EB8680 /* Products */ = {
			isa = PBXGroup;
			children = (
				D11D80E02C6C7EF000EB8680 /* Damoim.app */,
			);
			name = Products;
			sourceTree = "<group>";
		};
		D11D80E22C6C7EF000EB8680 /* Damoim */ = {
			isa = PBXGroup;
			children = (
				D11D81672C6DC3B200EB8680 /* ViewModel */,
				D11D815B2C6CF7DA00EB8680 /* View */,
				D11D81302C6C8F5100EB8680 /* Localization */,
				D11D81232C6C87BA00EB8680 /* Model */,
				D11D81022C6C820F00EB8680 /* Protocol */,
				D11D81012C6C820B00EB8680 /* Base */,
				D11D80FB2C6C81D800EB8680 /* Extension */,
				D11D80E32C6C7EF000EB8680 /* AppDelegate.swift */,
				D11D80E52C6C7EF000EB8680 /* SceneDelegate.swift */,
				D11D80EC2C6C7EF100EB8680 /* Assets.xcassets */,
				D11D80EE2C6C7EF100EB8680 /* LaunchScreen.storyboard */,
				D11D80F12C6C7EF100EB8680 /* Info.plist */,
				D11D80F92C6C7F5C00EB8680 /* APIKey.swift */,
			);
			path = Damoim;
			sourceTree = "<group>";
		};
		D11D80FB2C6C81D800EB8680 /* Extension */ = {
			isa = PBXGroup;
			children = (
				D11D80FC2C6C81E400EB8680 /* Extension+String.swift */,
				D11D81352C6C9B2500EB8680 /* Extension+Date.swift */,
				D11D80FE2C6C81ED00EB8680 /* Extension+UIViewController.swift */,
				D11D81092C6C82B100EB8680 /* Extension+Color.swift */,
				D1FB0B782C74C37C00049C5D /* Extension+RxViewController.swift */,
			);
			path = Extension;
			sourceTree = "<group>";
		};
		D11D81012C6C820B00EB8680 /* Base */ = {
			isa = PBXGroup;
			children = (
				D11D81032C6C821A00EB8680 /* BaseViewController.swift */,
				D1FB0B562C72099900049C5D /* BasePostViewController.swift */,
				D11D81052C6C823200EB8680 /* BaseCollectionViewCell.swift */,
				D1FB0B4A2C70864B00049C5D /* BaseTableViewCell.swift */,
			);
			path = Base;
			sourceTree = "<group>";
		};
		D11D81022C6C820F00EB8680 /* Protocol */ = {
			isa = PBXGroup;
			children = (
				D11D81072C6C824400EB8680 /* ReuseIdentifier.swift */,
				D11D81212C6C875600EB8680 /* ViewModel.swift */,
			);
			path = Protocol;
			sourceTree = "<group>";
		};
		D11D81232C6C87BA00EB8680 /* Model */ = {
			isa = PBXGroup;
			children = (
				D11D812D2C6C8A9A00EB8680 /* Network */,
				D11D81262C6C87D200EB8680 /* UserDefaults */,
				D11D812B2C6C8A1D00EB8680 /* SceneManager.swift */,
				D1FB0B502C71B8F800049C5D /* RelativeDateManager.swift */,
			);
			path = Model;
			sourceTree = "<group>";
		};
		D11D81262C6C87D200EB8680 /* UserDefaults */ = {
			isa = PBXGroup;
			children = (
				D11D81242C6C87C100EB8680 /* UserDefaults.swift */,
				D11D81272C6C87DD00EB8680 /* UserDefaultsManager.swift */,
			);
			path = UserDefaults;
			sourceTree = "<group>";
		};
		D11D812D2C6C8A9A00EB8680 /* Network */ = {
			isa = PBXGroup;
			children = (
				D11D81442C6CD3B600EB8680 /* RequstModel */,
				D11D81392C6CCC2E00EB8680 /* ResponseModel */,
				D11D812E2C6C8AA100EB8680 /* Header.swift */,
				D11D81592C6CE11700EB8680 /* APIError.swift */,
				D11D81612C6DBBD900EB8680 /* NetworkManager.swift */,
				D11D81632C6DBBF500EB8680 /* ServerRouter.swift */,
				D11D81652C6DBCBE00EB8680 /* TargetType.swift */,
				D1FB0B3C2C6F202200049C5D /* PostItem.swift */,
			);
			path = Network;
			sourceTree = "<group>";
		};
		D11D81302C6C8F5100EB8680 /* Localization */ = {
			isa = PBXGroup;
			children = (
				D11D81312C6C8F6000EB8680 /* Localizable.xcstrings */,
				D11D81332C6C8F7200EB8680 /* InfoPlist.xcstrings */,
				D11D81372C6CA2F500EB8680 /* l10nKey.swift */,
			);
			path = Localization;
			sourceTree = "<group>";
		};
		D11D81392C6CCC2E00EB8680 /* ResponseModel */ = {
			isa = PBXGroup;
			children = (
				D11D813A2C6CCC3700EB8680 /* Posts.swift */,
				D11D813C2C6CD01600EB8680 /* Login.swift */,
				D11D813E2C6CD06C00EB8680 /* Refresh.swift */,
				D11D81402C6CD0B600EB8680 /* File.swift */,
				D11D81422C6CD1FB00EB8680 /* Profile.swift */,
			);
			path = ResponseModel;
			sourceTree = "<group>";
		};
		D11D81442C6CD3B600EB8680 /* RequstModel */ = {
			isa = PBXGroup;
			children = (
				D11D81452C6CD85900EB8680 /* SignUpQuery.swift */,
				D11D81472C6CD8CB00EB8680 /* EmailValidationQuery.swift */,
				D11D81492C6CD8EC00EB8680 /* LoginQuery.swift */,
				D11D814B2C6CD95400EB8680 /* FileUploadQuery.swift */,
				D11D814D2C6CD9F400EB8680 /* PostQuery.swift */,
				D11D814F2C6CDB0000EB8680 /* PostReadQuery.swift */,
				D1FB0B582C72154300049C5D /* PostReadByUserQuery.swift */,
				D11D81512C6CDDB200EB8680 /* CommentQuery.swift */,
				D1E8BCC22C75B6E0003378FA /* EditCommentQuery.swift */,
				D11D81532C6CDEAE00EB8680 /* LikeQuery.swift */,
				D11D81552C6CDF0000EB8680 /* ProfileEditQuery.swift */,
				D11D81572C6CDFC300EB8680 /* HashTagSearchQuery.swift */,
				D1FB0B3E2C6F212600049C5D /* FetchImageQuery.swift */,
				D1FB0B442C6F742D00049C5D /* SpecificPostQuery.swift */,
				D1FB0B622C72F97800049C5D /* OtherUserProfileQuery.swift */,
				D1FB0B642C7305C800049C5D /* FollowQuery.swift */,
				D1FB0B722C74B3A900049C5D /* FetchLikePostQuery.swift */,
				D1E8BCC82C75D41C003378FA /* DeleteCommentQuery.swift */,
			);
			path = RequstModel;
			sourceTree = "<group>";
		};
		D11D815B2C6CF7DA00EB8680 /* View */ = {
			isa = PBXGroup;
			children = (
				D11D816E2C6DF32800EB8680 /* Cell */,
				D11D815C2C6CF7FD00EB8680 /* Custom */,
				D11D80E72C6C7EF000EB8680 /* LoginViewController.swift */,
				D11D815F2C6CFB9800EB8680 /* SignUpViewController.swift */,
				D11D816C2C6DE08200EB8680 /* ClubViewController.swift */,
				D1FB0B402C6F3F1900049C5D /* ClubDetailViewController.swift */,
				D1FB0B462C7082FF00049C5D /* CommentViewController.swift */,
				D1E8BCC42C75C5BD003378FA /* EditCommentViewController.swift */,
				D1FB0B522C71F60A00049C5D /* ProfileViewController.swift */,
				D1FB0B662C732F4A00049C5D /* EditProfileViewController.swift */,
				D1FB0B6A2C7481A300049C5D /* ClubSearchViewController.swift */,
				D1FB0B6E2C74AF9D00049C5D /* MyClubViewController.swift */,
				D1FB0B742C74BA1100049C5D /* LikeClubViewController.swift */,
			);
			path = View;
			sourceTree = "<group>";
		};
		D11D815C2C6CF7FD00EB8680 /* Custom */ = {
			isa = PBXGroup;
			children = (
				D11D81292C6C898C00EB8680 /* TabBarController.swift */,
				D11D815D2C6CF81300EB8680 /* RoundTextField.swift */,
				D1FB0B4E2C71B23C00049C5D /* ProfileImageView.swift */,
			);
			path = Custom;
			sourceTree = "<group>";
		};
		D11D81672C6DC3B200EB8680 /* ViewModel */ = {
			isa = PBXGroup;
			children = (
				D11D81682C6DC3BA00EB8680 /* SignUpViewModel.swift */,
				D11D816A2C6DDBA200EB8680 /* LoginViewModel.swift */,
				D11D81712C6DFD1B00EB8680 /* ClubViewModel.swift */,
				D1FB0B422C6F561B00049C5D /* ClubDetailViewModel.swift */,
				D1FB0B482C70834500049C5D /* CommentViewModel.swift */,
				D1FB0B542C71F69F00049C5D /* ProfileViewModel.swift */,
				D1FB0B682C73324500049C5D /* EditProfileViewModel.swift */,
				D1FB0B6C2C74830600049C5D /* ClubSearchViewModel.swift */,
				D1FB0B702C74AFFA00049C5D /* MyClubViewModel.swift */,
				D1FB0B762C74BA8900049C5D /* LikeClubViewModel.swift */,
				D1E8BCC62C75C5E3003378FA /* EditCommentViewModel.swift */,
			);
			path = ViewModel;
			sourceTree = "<group>";
		};
		D11D816E2C6DF32800EB8680 /* Cell */ = {
			isa = PBXGroup;
			children = (
				D11D816F2C6DF33900EB8680 /* ClubCollectionViewCell.swift */,
				D1FB0B4C2C7086B500049C5D /* CommentTableViewCell.swift */,
			);
			path = Cell;
			sourceTree = "<group>";
		};
/* End PBXGroup section */

/* Begin PBXNativeTarget section */
		D11D80DF2C6C7EF000EB8680 /* Damoim */ = {
			isa = PBXNativeTarget;
			buildConfigurationList = D11D80F42C6C7EF100EB8680 /* Build configuration list for PBXNativeTarget "Damoim" */;
			buildPhases = (
				D11D80DC2C6C7EF000EB8680 /* Sources */,
				D11D80DD2C6C7EF000EB8680 /* Frameworks */,
				D11D80DE2C6C7EF000EB8680 /* Resources */,
			);
			buildRules = (
			);
			dependencies = (
			);
			name = Damoim;
			packageProductDependencies = (
				D11D810C2C6C85C300EB8680 /* Alamofire */,
				D11D810F2C6C85CF00EB8680 /* Kingfisher */,
				D11D81122C6C85DA00EB8680 /* SnapKit */,
				D11D81152C6C85E800EB8680 /* RxCocoa */,
				D11D81172C6C85E800EB8680 /* RxSwift */,
				D11D811A2C6C85FC00EB8680 /* Differentiator */,
				D11D811C2C6C85FC00EB8680 /* RxDataSources */,
				D11D811F2C6C860800EB8680 /* Toast */,
			);
			productName = Damoim;
			productReference = D11D80E02C6C7EF000EB8680 /* Damoim.app */;
			productType = "com.apple.product-type.application";
		};
/* End PBXNativeTarget section */

/* Begin PBXProject section */
		D11D80D82C6C7EEF00EB8680 /* Project object */ = {
			isa = PBXProject;
			attributes = {
				BuildIndependentTargetsInParallel = 1;
				LastSwiftUpdateCheck = 1540;
				LastUpgradeCheck = 1540;
				TargetAttributes = {
					D11D80DF2C6C7EF000EB8680 = {
						CreatedOnToolsVersion = 15.4;
					};
				};
			};
			buildConfigurationList = D11D80DB2C6C7EEF00EB8680 /* Build configuration list for PBXProject "Damoim" */;
			compatibilityVersion = "Xcode 14.0";
			developmentRegion = en;
			hasScannedForEncodings = 0;
			knownRegions = (
				en,
				Base,
				ko,
			);
			mainGroup = D11D80D72C6C7EEF00EB8680;
			packageReferences = (
				D11D810B2C6C85C300EB8680 /* XCRemoteSwiftPackageReference "Alamofire" */,
				D11D810E2C6C85CF00EB8680 /* XCRemoteSwiftPackageReference "Kingfisher" */,
				D11D81112C6C85DA00EB8680 /* XCRemoteSwiftPackageReference "SnapKit" */,
				D11D81142C6C85E800EB8680 /* XCRemoteSwiftPackageReference "RxSwift" */,
				D11D81192C6C85FC00EB8680 /* XCRemoteSwiftPackageReference "RxDataSources" */,
				D11D811E2C6C860800EB8680 /* XCRemoteSwiftPackageReference "Toast-Swift" */,
			);
			productRefGroup = D11D80E12C6C7EF000EB8680 /* Products */;
			projectDirPath = "";
			projectRoot = "";
			targets = (
				D11D80DF2C6C7EF000EB8680 /* Damoim */,
			);
		};
/* End PBXProject section */

/* Begin PBXResourcesBuildPhase section */
		D11D80DE2C6C7EF000EB8680 /* Resources */ = {
			isa = PBXResourcesBuildPhase;
			buildActionMask = 2147483647;
			files = (
				D11D80F82C6C7F1A00EB8680 /* .gitignore in Resources */,
				D11D81342C6C8F7200EB8680 /* InfoPlist.xcstrings in Resources */,
				D11D80ED2C6C7EF100EB8680 /* Assets.xcassets in Resources */,
				D11D81322C6C8F6000EB8680 /* Localizable.xcstrings in Resources */,
				D11D80F02C6C7EF100EB8680 /* Base in Resources */,
			);
			runOnlyForDeploymentPostprocessing = 0;
		};
/* End PBXResourcesBuildPhase section */

/* Begin PBXSourcesBuildPhase section */
		D11D80DC2C6C7EF000EB8680 /* Sources */ = {
			isa = PBXSourcesBuildPhase;
			buildActionMask = 2147483647;
			files = (
				D11D812F2C6C8AA100EB8680 /* Header.swift in Sources */,
				D11D814C2C6CD95400EB8680 /* FileUploadQuery.swift in Sources */,
				D11D81692C6DC3BA00EB8680 /* SignUpViewModel.swift in Sources */,
				D11D80FD2C6C81E400EB8680 /* Extension+String.swift in Sources */,
				D1FB0B672C732F4A00049C5D /* EditProfileViewController.swift in Sources */,
				D1FB0B772C74BA8900049C5D /* LikeClubViewModel.swift in Sources */,
				D11D815A2C6CE11700EB8680 /* APIError.swift in Sources */,
				D11D816B2C6DDBA200EB8680 /* LoginViewModel.swift in Sources */,
				D11D81062C6C823200EB8680 /* BaseCollectionViewCell.swift in Sources */,
				D11D81432C6CD1FB00EB8680 /* Profile.swift in Sources */,
				D11D81642C6DBBF500EB8680 /* ServerRouter.swift in Sources */,
				D11D81602C6CFB9800EB8680 /* SignUpViewController.swift in Sources */,
				D1FB0B752C74BA1100049C5D /* LikeClubViewController.swift in Sources */,
				D1FB0B472C7082FF00049C5D /* CommentViewController.swift in Sources */,
				D1FB0B712C74AFFA00049C5D /* MyClubViewModel.swift in Sources */,
				D1FB0B452C6F742D00049C5D /* SpecificPostQuery.swift in Sources */,
				D1FB0B412C6F3F1900049C5D /* ClubDetailViewController.swift in Sources */,
				D1E8BCC92C75D41C003378FA /* DeleteCommentQuery.swift in Sources */,
				D11D80E82C6C7EF000EB8680 /* LoginViewController.swift in Sources */,
				D1FB0B632C72F97800049C5D /* OtherUserProfileQuery.swift in Sources */,
				D11D81282C6C87DD00EB8680 /* UserDefaultsManager.swift in Sources */,
				D11D81582C6CDFC300EB8680 /* HashTagSearchQuery.swift in Sources */,
				D11D814A2C6CD8EC00EB8680 /* LoginQuery.swift in Sources */,
				D11D81362C6C9B2500EB8680 /* Extension+Date.swift in Sources */,
				D1FB0B6B2C7481A300049C5D /* ClubSearchViewController.swift in Sources */,
				D1FB0B732C74B3A900049C5D /* FetchLikePostQuery.swift in Sources */,
				D1FB0B492C70834500049C5D /* CommentViewModel.swift in Sources */,
				D11D813F2C6CD06C00EB8680 /* Refresh.swift in Sources */,
				D1FB0B512C71B8F800049C5D /* RelativeDateManager.swift in Sources */,
				D11D81462C6CD85900EB8680 /* SignUpQuery.swift in Sources */,
				D1FB0B4D2C7086B500049C5D /* CommentTableViewCell.swift in Sources */,
				D11D81662C6DBCBE00EB8680 /* TargetType.swift in Sources */,
				D1FB0B3F2C6F212600049C5D /* FetchImageQuery.swift in Sources */,
				D11D81482C6CD8CB00EB8680 /* EmailValidationQuery.swift in Sources */,
				D1FB0B4B2C70864B00049C5D /* BaseTableViewCell.swift in Sources */,
				D11D81222C6C875600EB8680 /* ViewModel.swift in Sources */,
				D1E8BCC52C75C5BD003378FA /* EditCommentViewController.swift in Sources */,
				D11D80FF2C6C81ED00EB8680 /* Extension+UIViewController.swift in Sources */,
				D1FB0B792C74C37C00049C5D /* Extension+RxViewController.swift in Sources */,
				D11D81412C6CD0B600EB8680 /* File.swift in Sources */,
				D11D815E2C6CF81300EB8680 /* RoundTextField.swift in Sources */,
				D1E8BCC72C75C5E3003378FA /* EditCommentViewModel.swift in Sources */,
				D1FB0B432C6F561B00049C5D /* ClubDetailViewModel.swift in Sources */,
				D1E8BCC32C75B6E0003378FA /* EditCommentQuery.swift in Sources */,
				D11D81622C6DBBD900EB8680 /* NetworkManager.swift in Sources */,
				D11D80E42C6C7EF000EB8680 /* AppDelegate.swift in Sources */,
				D11D812C2C6C8A1D00EB8680 /* SceneManager.swift in Sources */,
				D11D80FA2C6C7F5C00EB8680 /* APIKey.swift in Sources */,
				D1FB0B592C72154300049C5D /* PostReadByUserQuery.swift in Sources */,
				D1FB0B3D2C6F202200049C5D /* PostItem.swift in Sources */,
				D11D81542C6CDEAE00EB8680 /* LikeQuery.swift in Sources */,
				D11D81722C6DFD1B00EB8680 /* ClubViewModel.swift in Sources */,
				D1FB0B552C71F69F00049C5D /* ProfileViewModel.swift in Sources */,
				D11D813D2C6CD01600EB8680 /* Login.swift in Sources */,
				D11D81702C6DF33900EB8680 /* ClubCollectionViewCell.swift in Sources */,
				D11D81042C6C821A00EB8680 /* BaseViewController.swift in Sources */,
				D11D814E2C6CD9F400EB8680 /* PostQuery.swift in Sources */,
				D1FB0B4F2C71B23C00049C5D /* ProfileImageView.swift in Sources */,
				D1FB0B6D2C74830600049C5D /* ClubSearchViewModel.swift in Sources */,
				D11D81502C6CDB0000EB8680 /* PostReadQuery.swift in Sources */,
				D11D816D2C6DE08200EB8680 /* ClubViewController.swift in Sources */,
				D1FB0B652C7305C800049C5D /* FollowQuery.swift in Sources */,
				D1FB0B532C71F60A00049C5D /* ProfileViewController.swift in Sources */,
				D11D81252C6C87C100EB8680 /* UserDefaults.swift in Sources */,
				D1FB0B572C72099900049C5D /* BasePostViewController.swift in Sources */,
				D1FB0B6F2C74AF9D00049C5D /* MyClubViewController.swift in Sources */,
				D11D813B2C6CCC3700EB8680 /* Posts.swift in Sources */,
				D11D810A2C6C82B100EB8680 /* Extension+Color.swift in Sources */,
				D11D81382C6CA2F500EB8680 /* l10nKey.swift in Sources */,
				D11D81522C6CDDB200EB8680 /* CommentQuery.swift in Sources */,
				D11D812A2C6C898C00EB8680 /* TabBarController.swift in Sources */,
				D11D81082C6C824400EB8680 /* ReuseIdentifier.swift in Sources */,
				D1FB0B692C73324500049C5D /* EditProfileViewModel.swift in Sources */,
				D11D81562C6CDF0000EB8680 /* ProfileEditQuery.swift in Sources */,
				D11D80E62C6C7EF000EB8680 /* SceneDelegate.swift in Sources */,
			);
			runOnlyForDeploymentPostprocessing = 0;
		};
/* End PBXSourcesBuildPhase section */

/* Begin PBXVariantGroup section */
		D11D80EE2C6C7EF100EB8680 /* LaunchScreen.storyboard */ = {
			isa = PBXVariantGroup;
			children = (
				D11D80EF2C6C7EF100EB8680 /* Base */,
			);
			name = LaunchScreen.storyboard;
			sourceTree = "<group>";
		};
/* End PBXVariantGroup section */

/* Begin XCBuildConfiguration section */
		D11D80F22C6C7EF100EB8680 /* Debug */ = {
			isa = XCBuildConfiguration;
			buildSettings = {
				ALWAYS_SEARCH_USER_PATHS = NO;
				ASSETCATALOG_COMPILER_GENERATE_SWIFT_ASSET_SYMBOL_EXTENSIONS = YES;
				CLANG_ANALYZER_NONNULL = YES;
				CLANG_ANALYZER_NUMBER_OBJECT_CONVERSION = YES_AGGRESSIVE;
				CLANG_CXX_LANGUAGE_STANDARD = "gnu++20";
				CLANG_ENABLE_MODULES = YES;
				CLANG_ENABLE_OBJC_ARC = YES;
				CLANG_ENABLE_OBJC_WEAK = YES;
				CLANG_WARN_BLOCK_CAPTURE_AUTORELEASING = YES;
				CLANG_WARN_BOOL_CONVERSION = YES;
				CLANG_WARN_COMMA = YES;
				CLANG_WARN_CONSTANT_CONVERSION = YES;
				CLANG_WARN_DEPRECATED_OBJC_IMPLEMENTATIONS = YES;
				CLANG_WARN_DIRECT_OBJC_ISA_USAGE = YES_ERROR;
				CLANG_WARN_DOCUMENTATION_COMMENTS = YES;
				CLANG_WARN_EMPTY_BODY = YES;
				CLANG_WARN_ENUM_CONVERSION = YES;
				CLANG_WARN_INFINITE_RECURSION = YES;
				CLANG_WARN_INT_CONVERSION = YES;
				CLANG_WARN_NON_LITERAL_NULL_CONVERSION = YES;
				CLANG_WARN_OBJC_IMPLICIT_RETAIN_SELF = YES;
				CLANG_WARN_OBJC_LITERAL_CONVERSION = YES;
				CLANG_WARN_OBJC_ROOT_CLASS = YES_ERROR;
				CLANG_WARN_QUOTED_INCLUDE_IN_FRAMEWORK_HEADER = YES;
				CLANG_WARN_RANGE_LOOP_ANALYSIS = YES;
				CLANG_WARN_STRICT_PROTOTYPES = YES;
				CLANG_WARN_SUSPICIOUS_MOVE = YES;
				CLANG_WARN_UNGUARDED_AVAILABILITY = YES_AGGRESSIVE;
				CLANG_WARN_UNREACHABLE_CODE = YES;
				CLANG_WARN__DUPLICATE_METHOD_MATCH = YES;
				COPY_PHASE_STRIP = NO;
				DEBUG_INFORMATION_FORMAT = dwarf;
				ENABLE_STRICT_OBJC_MSGSEND = YES;
				ENABLE_TESTABILITY = YES;
				ENABLE_USER_SCRIPT_SANDBOXING = YES;
				GCC_C_LANGUAGE_STANDARD = gnu17;
				GCC_DYNAMIC_NO_PIC = NO;
				GCC_NO_COMMON_BLOCKS = YES;
				GCC_OPTIMIZATION_LEVEL = 0;
				GCC_PREPROCESSOR_DEFINITIONS = (
					"DEBUG=1",
					"$(inherited)",
				);
				GCC_WARN_64_TO_32_BIT_CONVERSION = YES;
				GCC_WARN_ABOUT_RETURN_TYPE = YES_ERROR;
				GCC_WARN_UNDECLARED_SELECTOR = YES;
				GCC_WARN_UNINITIALIZED_AUTOS = YES_AGGRESSIVE;
				GCC_WARN_UNUSED_FUNCTION = YES;
				GCC_WARN_UNUSED_VARIABLE = YES;
				IPHONEOS_DEPLOYMENT_TARGET = 17.5;
				LOCALIZATION_PREFERS_STRING_CATALOGS = YES;
				MTL_ENABLE_DEBUG_INFO = INCLUDE_SOURCE;
				MTL_FAST_MATH = YES;
				ONLY_ACTIVE_ARCH = YES;
				SDKROOT = iphoneos;
				SWIFT_ACTIVE_COMPILATION_CONDITIONS = "DEBUG $(inherited)";
				SWIFT_OPTIMIZATION_LEVEL = "-Onone";
			};
			name = Debug;
		};
		D11D80F32C6C7EF100EB8680 /* Release */ = {
			isa = XCBuildConfiguration;
			buildSettings = {
				ALWAYS_SEARCH_USER_PATHS = NO;
				ASSETCATALOG_COMPILER_GENERATE_SWIFT_ASSET_SYMBOL_EXTENSIONS = YES;
				CLANG_ANALYZER_NONNULL = YES;
				CLANG_ANALYZER_NUMBER_OBJECT_CONVERSION = YES_AGGRESSIVE;
				CLANG_CXX_LANGUAGE_STANDARD = "gnu++20";
				CLANG_ENABLE_MODULES = YES;
				CLANG_ENABLE_OBJC_ARC = YES;
				CLANG_ENABLE_OBJC_WEAK = YES;
				CLANG_WARN_BLOCK_CAPTURE_AUTORELEASING = YES;
				CLANG_WARN_BOOL_CONVERSION = YES;
				CLANG_WARN_COMMA = YES;
				CLANG_WARN_CONSTANT_CONVERSION = YES;
				CLANG_WARN_DEPRECATED_OBJC_IMPLEMENTATIONS = YES;
				CLANG_WARN_DIRECT_OBJC_ISA_USAGE = YES_ERROR;
				CLANG_WARN_DOCUMENTATION_COMMENTS = YES;
				CLANG_WARN_EMPTY_BODY = YES;
				CLANG_WARN_ENUM_CONVERSION = YES;
				CLANG_WARN_INFINITE_RECURSION = YES;
				CLANG_WARN_INT_CONVERSION = YES;
				CLANG_WARN_NON_LITERAL_NULL_CONVERSION = YES;
				CLANG_WARN_OBJC_IMPLICIT_RETAIN_SELF = YES;
				CLANG_WARN_OBJC_LITERAL_CONVERSION = YES;
				CLANG_WARN_OBJC_ROOT_CLASS = YES_ERROR;
				CLANG_WARN_QUOTED_INCLUDE_IN_FRAMEWORK_HEADER = YES;
				CLANG_WARN_RANGE_LOOP_ANALYSIS = YES;
				CLANG_WARN_STRICT_PROTOTYPES = YES;
				CLANG_WARN_SUSPICIOUS_MOVE = YES;
				CLANG_WARN_UNGUARDED_AVAILABILITY = YES_AGGRESSIVE;
				CLANG_WARN_UNREACHABLE_CODE = YES;
				CLANG_WARN__DUPLICATE_METHOD_MATCH = YES;
				COPY_PHASE_STRIP = NO;
				DEBUG_INFORMATION_FORMAT = "dwarf-with-dsym";
				ENABLE_NS_ASSERTIONS = NO;
				ENABLE_STRICT_OBJC_MSGSEND = YES;
				ENABLE_USER_SCRIPT_SANDBOXING = YES;
				GCC_C_LANGUAGE_STANDARD = gnu17;
				GCC_NO_COMMON_BLOCKS = YES;
				GCC_WARN_64_TO_32_BIT_CONVERSION = YES;
				GCC_WARN_ABOUT_RETURN_TYPE = YES_ERROR;
				GCC_WARN_UNDECLARED_SELECTOR = YES;
				GCC_WARN_UNINITIALIZED_AUTOS = YES_AGGRESSIVE;
				GCC_WARN_UNUSED_FUNCTION = YES;
				GCC_WARN_UNUSED_VARIABLE = YES;
				IPHONEOS_DEPLOYMENT_TARGET = 17.5;
				LOCALIZATION_PREFERS_STRING_CATALOGS = YES;
				MTL_ENABLE_DEBUG_INFO = NO;
				MTL_FAST_MATH = YES;
				SDKROOT = iphoneos;
				SWIFT_COMPILATION_MODE = wholemodule;
				VALIDATE_PRODUCT = YES;
			};
			name = Release;
		};
		D11D80F52C6C7EF100EB8680 /* Debug */ = {
			isa = XCBuildConfiguration;
			buildSettings = {
				ASSETCATALOG_COMPILER_APPICON_NAME = AppIcon;
				ASSETCATALOG_COMPILER_GLOBAL_ACCENT_COLOR_NAME = AccentColor;
				CODE_SIGN_STYLE = Automatic;
				CURRENT_PROJECT_VERSION = 1;
				GENERATE_INFOPLIST_FILE = YES;
				INFOPLIST_FILE = Damoim/Info.plist;
				INFOPLIST_KEY_UIApplicationSupportsIndirectInputEvents = YES;
				INFOPLIST_KEY_UILaunchStoryboardName = LaunchScreen;
				INFOPLIST_KEY_UISupportedInterfaceOrientations = UIInterfaceOrientationPortrait;
				INFOPLIST_KEY_UISupportedInterfaceOrientations_iPad = UIInterfaceOrientationPortrait;
				IPHONEOS_DEPLOYMENT_TARGET = 16.0;
				LD_RUNPATH_SEARCH_PATHS = (
					"$(inherited)",
					"@executable_path/Frameworks",
				);
				MARKETING_VERSION = 1.0;
				PRODUCT_BUNDLE_IDENTIFIER = Jo.Damoim;
				PRODUCT_NAME = "$(TARGET_NAME)";
				SUPPORTED_PLATFORMS = "iphoneos iphonesimulator";
				SUPPORTS_MACCATALYST = NO;
				SUPPORTS_MAC_DESIGNED_FOR_IPHONE_IPAD = NO;
				SUPPORTS_XR_DESIGNED_FOR_IPHONE_IPAD = NO;
				SWIFT_EMIT_LOC_STRINGS = YES;
				SWIFT_VERSION = 5.0;
				TARGETED_DEVICE_FAMILY = 1;
			};
			name = Debug;
		};
		D11D80F62C6C7EF100EB8680 /* Release */ = {
			isa = XCBuildConfiguration;
			buildSettings = {
				ASSETCATALOG_COMPILER_APPICON_NAME = AppIcon;
				ASSETCATALOG_COMPILER_GLOBAL_ACCENT_COLOR_NAME = AccentColor;
				CODE_SIGN_STYLE = Automatic;
				CURRENT_PROJECT_VERSION = 1;
				GENERATE_INFOPLIST_FILE = YES;
				INFOPLIST_FILE = Damoim/Info.plist;
				INFOPLIST_KEY_UIApplicationSupportsIndirectInputEvents = YES;
				INFOPLIST_KEY_UILaunchStoryboardName = LaunchScreen;
				INFOPLIST_KEY_UISupportedInterfaceOrientations = UIInterfaceOrientationPortrait;
				INFOPLIST_KEY_UISupportedInterfaceOrientations_iPad = UIInterfaceOrientationPortrait;
				IPHONEOS_DEPLOYMENT_TARGET = 16.0;
				LD_RUNPATH_SEARCH_PATHS = (
					"$(inherited)",
					"@executable_path/Frameworks",
				);
				MARKETING_VERSION = 1.0;
				PRODUCT_BUNDLE_IDENTIFIER = Jo.Damoim;
				PRODUCT_NAME = "$(TARGET_NAME)";
				SUPPORTED_PLATFORMS = "iphoneos iphonesimulator";
				SUPPORTS_MACCATALYST = NO;
				SUPPORTS_MAC_DESIGNED_FOR_IPHONE_IPAD = NO;
				SUPPORTS_XR_DESIGNED_FOR_IPHONE_IPAD = NO;
				SWIFT_EMIT_LOC_STRINGS = YES;
				SWIFT_VERSION = 5.0;
				TARGETED_DEVICE_FAMILY = 1;
			};
			name = Release;
		};
/* End XCBuildConfiguration section */

/* Begin XCConfigurationList section */
		D11D80DB2C6C7EEF00EB8680 /* Build configuration list for PBXProject "Damoim" */ = {
			isa = XCConfigurationList;
			buildConfigurations = (
				D11D80F22C6C7EF100EB8680 /* Debug */,
				D11D80F32C6C7EF100EB8680 /* Release */,
			);
			defaultConfigurationIsVisible = 0;
			defaultConfigurationName = Release;
		};
		D11D80F42C6C7EF100EB8680 /* Build configuration list for PBXNativeTarget "Damoim" */ = {
			isa = XCConfigurationList;
			buildConfigurations = (
				D11D80F52C6C7EF100EB8680 /* Debug */,
				D11D80F62C6C7EF100EB8680 /* Release */,
			);
			defaultConfigurationIsVisible = 0;
			defaultConfigurationName = Release;
		};
/* End XCConfigurationList section */

/* Begin XCRemoteSwiftPackageReference section */
		D11D810B2C6C85C300EB8680 /* XCRemoteSwiftPackageReference "Alamofire" */ = {
			isa = XCRemoteSwiftPackageReference;
			repositoryURL = "https://github.com/Alamofire/Alamofire.git";
			requirement = {
				kind = upToNextMajorVersion;
				minimumVersion = 5.9.1;
			};
		};
		D11D810E2C6C85CF00EB8680 /* XCRemoteSwiftPackageReference "Kingfisher" */ = {
			isa = XCRemoteSwiftPackageReference;
			repositoryURL = "https://github.com/onevcat/Kingfisher.git";
			requirement = {
				kind = upToNextMajorVersion;
				minimumVersion = 7.12.0;
			};
		};
		D11D81112C6C85DA00EB8680 /* XCRemoteSwiftPackageReference "SnapKit" */ = {
			isa = XCRemoteSwiftPackageReference;
			repositoryURL = "https://github.com/SnapKit/SnapKit.git";
			requirement = {
				kind = upToNextMajorVersion;
				minimumVersion = 5.7.1;
			};
		};
		D11D81142C6C85E800EB8680 /* XCRemoteSwiftPackageReference "RxSwift" */ = {
			isa = XCRemoteSwiftPackageReference;
			repositoryURL = "https://github.com/ReactiveX/RxSwift.git";
			requirement = {
				kind = upToNextMajorVersion;
				minimumVersion = 6.7.1;
			};
		};
		D11D81192C6C85FC00EB8680 /* XCRemoteSwiftPackageReference "RxDataSources" */ = {
			isa = XCRemoteSwiftPackageReference;
			repositoryURL = "https://github.com/RxSwiftCommunity/RxDataSources.git";
			requirement = {
				kind = upToNextMajorVersion;
				minimumVersion = 5.0.2;
			};
		};
		D11D811E2C6C860800EB8680 /* XCRemoteSwiftPackageReference "Toast-Swift" */ = {
			isa = XCRemoteSwiftPackageReference;
			repositoryURL = "https://github.com/scalessec/Toast-Swift.git";
			requirement = {
				kind = upToNextMajorVersion;
				minimumVersion = 5.1.1;
			};
		};
/* End XCRemoteSwiftPackageReference section */

/* Begin XCSwiftPackageProductDependency section */
		D11D810C2C6C85C300EB8680 /* Alamofire */ = {
			isa = XCSwiftPackageProductDependency;
			package = D11D810B2C6C85C300EB8680 /* XCRemoteSwiftPackageReference "Alamofire" */;
			productName = Alamofire;
		};
		D11D810F2C6C85CF00EB8680 /* Kingfisher */ = {
			isa = XCSwiftPackageProductDependency;
			package = D11D810E2C6C85CF00EB8680 /* XCRemoteSwiftPackageReference "Kingfisher" */;
			productName = Kingfisher;
		};
		D11D81122C6C85DA00EB8680 /* SnapKit */ = {
			isa = XCSwiftPackageProductDependency;
			package = D11D81112C6C85DA00EB8680 /* XCRemoteSwiftPackageReference "SnapKit" */;
			productName = SnapKit;
		};
		D11D81152C6C85E800EB8680 /* RxCocoa */ = {
			isa = XCSwiftPackageProductDependency;
			package = D11D81142C6C85E800EB8680 /* XCRemoteSwiftPackageReference "RxSwift" */;
			productName = RxCocoa;
		};
		D11D81172C6C85E800EB8680 /* RxSwift */ = {
			isa = XCSwiftPackageProductDependency;
			package = D11D81142C6C85E800EB8680 /* XCRemoteSwiftPackageReference "RxSwift" */;
			productName = RxSwift;
		};
		D11D811A2C6C85FC00EB8680 /* Differentiator */ = {
			isa = XCSwiftPackageProductDependency;
			package = D11D81192C6C85FC00EB8680 /* XCRemoteSwiftPackageReference "RxDataSources" */;
			productName = Differentiator;
		};
		D11D811C2C6C85FC00EB8680 /* RxDataSources */ = {
			isa = XCSwiftPackageProductDependency;
			package = D11D81192C6C85FC00EB8680 /* XCRemoteSwiftPackageReference "RxDataSources" */;
			productName = RxDataSources;
		};
		D11D811F2C6C860800EB8680 /* Toast */ = {
			isa = XCSwiftPackageProductDependency;
			package = D11D811E2C6C860800EB8680 /* XCRemoteSwiftPackageReference "Toast-Swift" */;
			productName = Toast;
		};
/* End XCSwiftPackageProductDependency section */
	};
	rootObject = D11D80D82C6C7EEF00EB8680 /* Project object */;
}
